{
  "name": "s3-mongodb",
  "version": "1.0.0",
  "lockfileVersion": 1,
  "requires": true,
  "dependencies": {
    "aws-sdk": {
      "version": "2.0.31",
      "resolved": "https://registry.npmjs.org/aws-sdk/-/aws-sdk-2.0.31.tgz",
      "integrity": "sha1-5yzx/caQFb2f0r3z07iMFlB9Jo4=",
      "requires": {
        "xml2js": "0.2.6",
        "xmlbuilder": "0.4.2"
      }
    },
    "bson": {
      "version": "1.0.9",
      "resolved": "https://registry.npmjs.org/bson/-/bson-1.0.9.tgz",
      "integrity": "sha512-IQX9/h7WdMBIW/q/++tGd+emQr0XMdeZ6icnT/74Xk9fnabWn+gZgpE+9V+gujL3hhJOoNrnDVY7tWdzc7NUTg=="
    },
    "dotenv": {
      "version": "6.0.0",
      "resolved": "https://registry.npmjs.org/dotenv/-/dotenv-6.0.0.tgz",
      "integrity": "sha512-FlWbnhgjtwD+uNLUGHbMykMOYQaTivdHEmYwAKFjn6GKe/CqY0fNae93ZHTd20snh9ZLr8mTzIL9m0APQ1pjQg==",
      "dev": true
    },
    "fd-slicer": {
      "version": "1.0.1",
      "resolved": "https://registry.npmjs.org/fd-slicer/-/fd-slicer-1.0.1.tgz",
      "integrity": "sha1-i1vL2ewyfFBBv5qwI/1nUPEXfmU=",
      "requires": {
        "pend": "1.2.0"
      }
    },
    "findit2": {
      "version": "2.2.3",
      "resolved": "https://registry.npmjs.org/findit2/-/findit2-2.2.3.tgz",
      "integrity": "sha1-WKRmaX34piBc39vzlVNri9d3pfY="
    },
    "graceful-fs": {
      "version": "3.0.11",
      "resolved": "https://registry.npmjs.org/graceful-fs/-/graceful-fs-3.0.11.tgz",
      "integrity": "sha1-dhPHeKGv6mLyXGMKCG1/Osu92Bg=",
      "requires": {
        "natives": "1.1.4"
      }
    },
    "mime": {
      "version": "1.2.11",
      "resolved": "https://registry.npmjs.org/mime/-/mime-1.2.11.tgz",
      "integrity": "sha1-WCA+7Ybjpe8XrtK32evUfwpg3RA="
    },
    "minimist": {
      "version": "0.0.8",
      "resolved": "https://registry.npmjs.org/minimist/-/minimist-0.0.8.tgz",
      "integrity": "sha1-hX/Kv8M5fSYluCKCYuhqp6ARsF0="
    },
    "mkdirp": {
      "version": "0.5.1",
      "resolved": "https://registry.npmjs.org/mkdirp/-/mkdirp-0.5.1.tgz",
      "integrity": "sha1-MAV0OOrGz3+MR2fzhkjWaX11yQM=",
      "requires": {
        "minimist": "0.0.8"
      }
    },
    "mongodb": {
      "version": "3.1.1",
      "resolved": "https://registry.npmjs.org/mongodb/-/mongodb-3.1.1.tgz",
      "integrity": "sha512-GU9oWK4pi8PC7NyGiwjFMwZyMqwGWoMEMvM0LZh7UKW/FFAqgmZKjjriD+5MEOCDUJE2dtHX93/K5UtDxO0otg==",
      "requires": {
        "mongodb-core": "3.1.0"
      }
    },
    "mongodb-core": {
      "version": "3.1.0",
      "resolved": "https://registry.npmjs.org/mongodb-core/-/mongodb-core-3.1.0.tgz",
      "integrity": "sha512-qRjG62Fu//CZhkgn0jA/k8jh5MhACIq8cOJUryH6sck87pgt+C222MSD02tsCq5zNo/B6ZFHtNodZ2qpf8E86g==",
      "requires": {
        "bson": "1.0.9",
        "require_optional": "1.0.1",
        "saslprep": "1.0.0"
      }
    },
    "natives": {
      "version": "1.1.4",
      "resolved": "https://registry.npmjs.org/natives/-/natives-1.1.4.tgz",
      "integrity": "sha512-Q29yeg9aFKwhLVdkTAejM/HvYG0Y1Am1+HUkFQGn5k2j8GS+v60TVmZh6nujpEAj/qql+wGUrlryO8bF+b1jEg=="
    },
    "pend": {
      "version": "1.2.0",
      "resolved": "https://registry.npmjs.org/pend/-/pend-1.2.0.tgz",
      "integrity": "sha1-elfrVQpng/kRUzH89GY9XI4AelA="
    },
    "require_optional": {
      "version": "1.0.1",
      "resolved": "https://registry.npmjs.org/require_optional/-/require_optional-1.0.1.tgz",
      "integrity": "sha512-qhM/y57enGWHAe3v/NcwML6a3/vfESLe/sGM2dII+gEO0BpKRUkWZow/tyloNqJyN6kXSl3RyyM8Ll5D/sJP8g==",
      "requires": {
        "resolve-from": "2.0.0",
        "semver": "5.5.0"
      }
    },
    "resolve-from": {
      "version": "2.0.0",
      "resolved": "https://registry.npmjs.org/resolve-from/-/resolve-from-2.0.0.tgz",
      "integrity": "sha1-lICrIOlP+h2egKgEx+oUdhGWa1c="
    },
    "rimraf": {
      "version": "2.2.8",
      "resolved": "https://registry.npmjs.org/rimraf/-/rimraf-2.2.8.tgz",
      "integrity": "sha1-5Dm+Kq7jJzIZUnMPmaiSnk/FBYI="
    },
    "s3": {
      "version": "4.4.0",
      "resolved": "https://registry.npmjs.org/s3/-/s3-4.4.0.tgz",
      "integrity": "sha1-VqT3dVFae2ucjlxrGrUfkDdmnx8=",
      "requires": {
        "aws-sdk": "2.0.31",
        "fd-slicer": "1.0.1",
        "findit2": "2.2.3",
        "graceful-fs": "3.0.11",
        "mime": "1.2.11",
        "mkdirp": "0.5.1",
        "pend": "1.2.0",
        "rimraf": "2.2.8",
        "streamsink": "1.2.0"
      }
    },
    "saslprep": {
      "version": "1.0.0",
      "resolved": "https://registry.npmjs.org/saslprep/-/saslprep-1.0.0.tgz",
      "integrity": "sha512-5lvKUEQ7lAN5/vPl5d3k8FQeDbEamu9kizfATfLLWV5h6Mkh1xcieR1FSsJkcSRUk49lF2tAW8gzXWVwtwZVhw==",
      "optional": true
    },
    "sax": {
      "version": "0.4.2",
      "resolved": "https://registry.npmjs.org/sax/-/sax-0.4.2.tgz",
      "integrity": "sha1-OfO2AXM9a+yXEFskKipA/Wl4rDw="
    },
    "semver": {
      "version": "5.5.0",
      "resolved": "https://registry.npmjs.org/semver/-/semver-5.5.0.tgz",
      "integrity": "sha512-4SJ3dm0WAwWy/NVeioZh5AntkdJoWKxHxcmyP622fOkgHa4z3R0TdBJICINyaSDE6uNwVc8gZr+ZinwZAH4xIA=="
    },
    "streamsink": {
      "version": "1.2.0",
      "resolved": "https://registry.npmjs.org/streamsink/-/streamsink-1.2.0.tgz",
      "integrity": "sha1-76/unx4i01ke1949yqlcP1559zw="
    },
    "xml2js": {
      "version": "0.2.6",
      "resolved": "https://registry.npmjs.org/xml2js/-/xml2js-0.2.6.tgz",
      "integrity": "sha1-0gnE5N2h/JxFIUHvQcB39a399sQ=",
      "requires": {
        "sax": "0.4.2"
      }
    },
    "xmlbuilder": {
      "version": "0.4.2",
      "resolved": "https://registry.npmjs.org/xmlbuilder/-/xmlbuilder-0.4.2.tgz",
      "integrity": "sha1-F3bWXz/brUcKCNhgTN6xxOVA/4M="
    }
  }
}
